
Microsoft Visual Studio Solution File, Format Version 12.00
# Visual Studio Version 17
VisualStudioVersion = 17.6.33723.286
MinimumVisualStudioVersion = 10.0.40219.1
Project("{FAE04EC0-301F-11D3-BF4B-00C04F79EFBC}") = "TestMergeSort", "TestMergeSort.csproj", "{BFBB636B-7D3E-477E-92E9-51B5673394F1}"
EndProject
Global
	GlobalSection(SolutionConfigurationPlatforms) = preSolution
		Debug|Any CPU = Debug|Any CPU
		Release|Any CPU = Release|Any CPU
	EndGlobalSection
	GlobalSection(ProjectConfigurationPlatforms) = postSolution
		{BFBB636B-7D3E-477E-92E9-51B5673394F1}.Debug|Any CPU.ActiveCfg = Debug|Any CPU
		{BFBB636B-7D3E-477E-92E9-51B5673394F1}.Debug|Any CPU.Build.0 = Debug|Any CPU
		{BFBB636B-7D3E-477E-92E9-51B5673394F1}.Release|Any CPU.ActiveCfg = Release|Any CPU
		{BFBB636B-7D3E-477E-92E9-51B5673394F1}.Release|Any CPU.Build.0 = Release|Any CPU
	EndGlobalSection
	GlobalSection(SolutionProperties) = preSolution
		HideSolutionNode = FALSE
	EndGlobalSection
	GlobalSection(ExtensibilityGlobals) = postSolution
		SolutionGuid = {F5AFADD5-671A-4945-BA6F-EE39FD4B4266}
	EndGlobalSection
EndGlobal
