
Microsoft Visual Studio Solution File, Format Version 12.00
# Visual Studio Version 17
VisualStudioVersion = 17.6.33723.286
MinimumVisualStudioVersion = 10.0.40219.1
Project("{9A19103F-16F7-4668-BE54-9A1E7A4F7556}") = "hashtable", "hashtable.csproj", "{EC7D6F32-1309-4AAA-BE24-65A7A88AF4D9}"
EndProject
Project("{9A19103F-16F7-4668-BE54-9A1E7A4F7556}") = "HshTest", "..\HshTest\HshTest.csproj", "{D6B48C29-C346-4883-8A69-F5453B9E6C37}"
EndProject
Global
	GlobalSection(SolutionConfigurationPlatforms) = preSolution
		Debug|Any CPU = Debug|Any CPU
		Release|Any CPU = Release|Any CPU
	EndGlobalSection
	GlobalSection(ProjectConfigurationPlatforms) = postSolution
		{EC7D6F32-1309-4AAA-BE24-65A7A88AF4D9}.Debug|Any CPU.ActiveCfg = Debug|Any CPU
		{EC7D6F32-1309-4AAA-BE24-65A7A88AF4D9}.Debug|Any CPU.Build.0 = Debug|Any CPU
		{EC7D6F32-1309-4AAA-BE24-65A7A88AF4D9}.Release|Any CPU.ActiveCfg = Release|Any CPU
		{EC7D6F32-1309-4AAA-BE24-65A7A88AF4D9}.Release|Any CPU.Build.0 = Release|Any CPU
		{D6B48C29-C346-4883-8A69-F5453B9E6C37}.Debug|Any CPU.ActiveCfg = Debug|Any CPU
		{D6B48C29-C346-4883-8A69-F5453B9E6C37}.Debug|Any CPU.Build.0 = Debug|Any CPU
		{D6B48C29-C346-4883-8A69-F5453B9E6C37}.Release|Any CPU.ActiveCfg = Release|Any CPU
		{D6B48C29-C346-4883-8A69-F5453B9E6C37}.Release|Any CPU.Build.0 = Release|Any CPU
	EndGlobalSection
	GlobalSection(SolutionProperties) = preSolution
		HideSolutionNode = FALSE
	EndGlobalSection
	GlobalSection(ExtensibilityGlobals) = postSolution
		SolutionGuid = {0C1B8832-89D8-4BA6-906B-996F37A58296}
	EndGlobalSection
EndGlobal
