
Microsoft Visual Studio Solution File, Format Version 12.00
# Visual Studio Version 17
VisualStudioVersion = 17.6.33723.286
MinimumVisualStudioVersion = 10.0.40219.1
Project("{9A19103F-16F7-4668-BE54-9A1E7A4F7556}") = "MergeSort", "MergeSort.csproj", "{9CAF292D-0A30-4218-9938-222F7E961DD4}"
EndProject
Project("{9A19103F-16F7-4668-BE54-9A1E7A4F7556}") = "TestMergeSort", "..\TestMergeSort\TestMergeSort.csproj", "{F3253DAD-7F0E-4D8B-BEB8-7B15E6FCC920}"
EndProject
Global
	GlobalSection(SolutionConfigurationPlatforms) = preSolution
		Debug|Any CPU = Debug|Any CPU
		Release|Any CPU = Release|Any CPU
	EndGlobalSection
	GlobalSection(ProjectConfigurationPlatforms) = postSolution
		{9CAF292D-0A30-4218-9938-222F7E961DD4}.Debug|Any CPU.ActiveCfg = Debug|Any CPU
		{9CAF292D-0A30-4218-9938-222F7E961DD4}.Debug|Any CPU.Build.0 = Debug|Any CPU
		{9CAF292D-0A30-4218-9938-222F7E961DD4}.Release|Any CPU.ActiveCfg = Release|Any CPU
		{9CAF292D-0A30-4218-9938-222F7E961DD4}.Release|Any CPU.Build.0 = Release|Any CPU
		{F3253DAD-7F0E-4D8B-BEB8-7B15E6FCC920}.Debug|Any CPU.ActiveCfg = Debug|Any CPU
		{F3253DAD-7F0E-4D8B-BEB8-7B15E6FCC920}.Debug|Any CPU.Build.0 = Debug|Any CPU
		{F3253DAD-7F0E-4D8B-BEB8-7B15E6FCC920}.Release|Any CPU.ActiveCfg = Release|Any CPU
		{F3253DAD-7F0E-4D8B-BEB8-7B15E6FCC920}.Release|Any CPU.Build.0 = Release|Any CPU
	EndGlobalSection
	GlobalSection(SolutionProperties) = preSolution
		HideSolutionNode = FALSE
	EndGlobalSection
	GlobalSection(ExtensibilityGlobals) = postSolution
		SolutionGuid = {528B9D8B-3346-4AB3-AF27-867E5EDF0CCD}
	EndGlobalSection
EndGlobal
