
Microsoft Visual Studio Solution File, Format Version 12.00
# Visual Studio Version 17
VisualStudioVersion = 17.6.33723.286
MinimumVisualStudioVersion = 10.0.40219.1
Project("{9A19103F-16F7-4668-BE54-9A1E7A4F7556}") = "Graph", "Graph.csproj", "{16321A03-59C7-477B-A9AB-577D0C2292D3}"
EndProject
Project("{9A19103F-16F7-4668-BE54-9A1E7A4F7556}") = "TestGraph", "..\TestGraph\TestGraph.csproj", "{66DCB62F-AD97-45E2-832C-FF20C8492C5A}"
EndProject
Global
	GlobalSection(SolutionConfigurationPlatforms) = preSolution
		Debug|Any CPU = Debug|Any CPU
		Release|Any CPU = Release|Any CPU
	EndGlobalSection
	GlobalSection(ProjectConfigurationPlatforms) = postSolution
		{16321A03-59C7-477B-A9AB-577D0C2292D3}.Debug|Any CPU.ActiveCfg = Debug|Any CPU
		{16321A03-59C7-477B-A9AB-577D0C2292D3}.Debug|Any CPU.Build.0 = Debug|Any CPU
		{16321A03-59C7-477B-A9AB-577D0C2292D3}.Release|Any CPU.ActiveCfg = Release|Any CPU
		{16321A03-59C7-477B-A9AB-577D0C2292D3}.Release|Any CPU.Build.0 = Release|Any CPU
		{66DCB62F-AD97-45E2-832C-FF20C8492C5A}.Debug|Any CPU.ActiveCfg = Debug|Any CPU
		{66DCB62F-AD97-45E2-832C-FF20C8492C5A}.Debug|Any CPU.Build.0 = Debug|Any CPU
		{66DCB62F-AD97-45E2-832C-FF20C8492C5A}.Release|Any CPU.ActiveCfg = Release|Any CPU
		{66DCB62F-AD97-45E2-832C-FF20C8492C5A}.Release|Any CPU.Build.0 = Release|Any CPU
	EndGlobalSection
	GlobalSection(SolutionProperties) = preSolution
		HideSolutionNode = FALSE
	EndGlobalSection
	GlobalSection(ExtensibilityGlobals) = postSolution
		SolutionGuid = {01C7110B-D266-4293-8718-1F70AB867A81}
	EndGlobalSection
EndGlobal
