
Microsoft Visual Studio Solution File, Format Version 12.00
# Visual Studio Version 17
VisualStudioVersion = 17.6.33723.286
MinimumVisualStudioVersion = 10.0.40219.1
Project("{9A19103F-16F7-4668-BE54-9A1E7A4F7556}") = "BinaryTree", "BinaryTree.csproj", "{FE261EAE-2BE3-4BBD-A76A-F93120B23620}"
EndProject
Project("{9A19103F-16F7-4668-BE54-9A1E7A4F7556}") = "TestTreeS", "..\TestTreeS\TestTreeS.csproj", "{748FC93E-8ED3-42BA-A38C-79AA4C864FA7}"
EndProject
Global
	GlobalSection(SolutionConfigurationPlatforms) = preSolution
		Debug|Any CPU = Debug|Any CPU
		Release|Any CPU = Release|Any CPU
	EndGlobalSection
	GlobalSection(ProjectConfigurationPlatforms) = postSolution
		{FE261EAE-2BE3-4BBD-A76A-F93120B23620}.Debug|Any CPU.ActiveCfg = Debug|Any CPU
		{FE261EAE-2BE3-4BBD-A76A-F93120B23620}.Debug|Any CPU.Build.0 = Debug|Any CPU
		{FE261EAE-2BE3-4BBD-A76A-F93120B23620}.Release|Any CPU.ActiveCfg = Release|Any CPU
		{FE261EAE-2BE3-4BBD-A76A-F93120B23620}.Release|Any CPU.Build.0 = Release|Any CPU
		{748FC93E-8ED3-42BA-A38C-79AA4C864FA7}.Debug|Any CPU.ActiveCfg = Debug|Any CPU
		{748FC93E-8ED3-42BA-A38C-79AA4C864FA7}.Debug|Any CPU.Build.0 = Debug|Any CPU
		{748FC93E-8ED3-42BA-A38C-79AA4C864FA7}.Release|Any CPU.ActiveCfg = Release|Any CPU
		{748FC93E-8ED3-42BA-A38C-79AA4C864FA7}.Release|Any CPU.Build.0 = Release|Any CPU
	EndGlobalSection
	GlobalSection(SolutionProperties) = preSolution
		HideSolutionNode = FALSE
	EndGlobalSection
	GlobalSection(ExtensibilityGlobals) = postSolution
		SolutionGuid = {7C8558D2-3749-4D35-8249-8BA5CC098930}
	EndGlobalSection
EndGlobal
