
Microsoft Visual Studio Solution File, Format Version 12.00
# Visual Studio Version 17
VisualStudioVersion = 17.6.33723.286
MinimumVisualStudioVersion = 10.0.40219.1
Project("{FAE04EC0-301F-11D3-BF4B-00C04F79EFBC}") = "stack-queue-pseudo", "stack-queue-pseudo.csproj", "{9DA31205-4217-41BC-8D9F-1528C3AC6258}"
EndProject
Global
	GlobalSection(SolutionConfigurationPlatforms) = preSolution
		Debug|Any CPU = Debug|Any CPU
		Release|Any CPU = Release|Any CPU
	EndGlobalSection
	GlobalSection(ProjectConfigurationPlatforms) = postSolution
		{9DA31205-4217-41BC-8D9F-1528C3AC6258}.Debug|Any CPU.ActiveCfg = Debug|Any CPU
		{9DA31205-4217-41BC-8D9F-1528C3AC6258}.Debug|Any CPU.Build.0 = Debug|Any CPU
		{9DA31205-4217-41BC-8D9F-1528C3AC6258}.Release|Any CPU.ActiveCfg = Release|Any CPU
		{9DA31205-4217-41BC-8D9F-1528C3AC6258}.Release|Any CPU.Build.0 = Release|Any CPU
	EndGlobalSection
	GlobalSection(SolutionProperties) = preSolution
		HideSolutionNode = FALSE
	EndGlobalSection
	GlobalSection(ExtensibilityGlobals) = postSolution
		SolutionGuid = {B384EA81-584D-4E3B-9A1D-936106C64941}
	EndGlobalSection
EndGlobal
