
Microsoft Visual Studio Solution File, Format Version 12.00
# Visual Studio Version 17
VisualStudioVersion = 17.6.33723.286
MinimumVisualStudioVersion = 10.0.40219.1
Project("{FAE04EC0-301F-11D3-BF4B-00C04F79EFBC}") = "Testgraphdepth", "Testgraphdepth.csproj", "{88D52C18-B30B-41A0-A2FC-2D46719B92CE}"
EndProject
Global
	GlobalSection(SolutionConfigurationPlatforms) = preSolution
		Debug|Any CPU = Debug|Any CPU
		Release|Any CPU = Release|Any CPU
	EndGlobalSection
	GlobalSection(ProjectConfigurationPlatforms) = postSolution
		{88D52C18-B30B-41A0-A2FC-2D46719B92CE}.Debug|Any CPU.ActiveCfg = Debug|Any CPU
		{88D52C18-B30B-41A0-A2FC-2D46719B92CE}.Debug|Any CPU.Build.0 = Debug|Any CPU
		{88D52C18-B30B-41A0-A2FC-2D46719B92CE}.Release|Any CPU.ActiveCfg = Release|Any CPU
		{88D52C18-B30B-41A0-A2FC-2D46719B92CE}.Release|Any CPU.Build.0 = Release|Any CPU
	EndGlobalSection
	GlobalSection(SolutionProperties) = preSolution
		HideSolutionNode = FALSE
	EndGlobalSection
	GlobalSection(ExtensibilityGlobals) = postSolution
		SolutionGuid = {32FA0385-06AE-410D-90E8-3A079F9B3754}
	EndGlobalSection
EndGlobal
