
Microsoft Visual Studio Solution File, Format Version 12.00
# Visual Studio Version 17
VisualStudioVersion = 17.6.33723.286
MinimumVisualStudioVersion = 10.0.40219.1
Project("{9A19103F-16F7-4668-BE54-9A1E7A4F7556}") = "breadth-first", "breadth-first.csproj", "{E58B9B49-2A95-4320-90C3-BBB55B5BA876}"
EndProject
Global
	GlobalSection(SolutionConfigurationPlatforms) = preSolution
		Debug|Any CPU = Debug|Any CPU
		Release|Any CPU = Release|Any CPU
	EndGlobalSection
	GlobalSection(ProjectConfigurationPlatforms) = postSolution
		{E58B9B49-2A95-4320-90C3-BBB55B5BA876}.Debug|Any CPU.ActiveCfg = Debug|Any CPU
		{E58B9B49-2A95-4320-90C3-BBB55B5BA876}.Debug|Any CPU.Build.0 = Debug|Any CPU
		{E58B9B49-2A95-4320-90C3-BBB55B5BA876}.Release|Any CPU.ActiveCfg = Release|Any CPU
		{E58B9B49-2A95-4320-90C3-BBB55B5BA876}.Release|Any CPU.Build.0 = Release|Any CPU
	EndGlobalSection
	GlobalSection(SolutionProperties) = preSolution
		HideSolutionNode = FALSE
	EndGlobalSection
	GlobalSection(ExtensibilityGlobals) = postSolution
		SolutionGuid = {E2C9E4D1-C2EE-4590-96E6-9B464B8C459E}
	EndGlobalSection
EndGlobal
