
Microsoft Visual Studio Solution File, Format Version 12.00
# Visual Studio Version 17
VisualStudioVersion = 17.6.33723.286
MinimumVisualStudioVersion = 10.0.40219.1
Project("{FAE04EC0-301F-11D3-BF4B-00C04F79EFBC}") = "TestLefJoin", "TestLefJoin.csproj", "{CF9DB886-8525-4425-8BA4-D6AE523F24C3}"
EndProject
Global
	GlobalSection(SolutionConfigurationPlatforms) = preSolution
		Debug|Any CPU = Debug|Any CPU
		Release|Any CPU = Release|Any CPU
	EndGlobalSection
	GlobalSection(ProjectConfigurationPlatforms) = postSolution
		{CF9DB886-8525-4425-8BA4-D6AE523F24C3}.Debug|Any CPU.ActiveCfg = Debug|Any CPU
		{CF9DB886-8525-4425-8BA4-D6AE523F24C3}.Debug|Any CPU.Build.0 = Debug|Any CPU
		{CF9DB886-8525-4425-8BA4-D6AE523F24C3}.Release|Any CPU.ActiveCfg = Release|Any CPU
		{CF9DB886-8525-4425-8BA4-D6AE523F24C3}.Release|Any CPU.Build.0 = Release|Any CPU
	EndGlobalSection
	GlobalSection(SolutionProperties) = preSolution
		HideSolutionNode = FALSE
	EndGlobalSection
	GlobalSection(ExtensibilityGlobals) = postSolution
		SolutionGuid = {E64E7FB6-FE20-48BC-9E3A-6B0B23BC538A}
	EndGlobalSection
EndGlobal
