
Microsoft Visual Studio Solution File, Format Version 12.00
# Visual Studio Version 17
VisualStudioVersion = 17.6.33723.286
MinimumVisualStudioVersion = 10.0.40219.1
Project("{9A19103F-16F7-4668-BE54-9A1E7A4F7556}") = "GraphBreadth", "GraphBreadth.csproj", "{707ADEDD-FFDA-4B5C-A686-5927A62631C3}"
EndProject
Project("{9A19103F-16F7-4668-BE54-9A1E7A4F7556}") = "TestBreadth", "..\TestBreadth\TestBreadth.csproj", "{E8319E00-E2FE-488D-89FA-36301DA69BA0}"
EndProject
Global
	GlobalSection(SolutionConfigurationPlatforms) = preSolution
		Debug|Any CPU = Debug|Any CPU
		Release|Any CPU = Release|Any CPU
	EndGlobalSection
	GlobalSection(ProjectConfigurationPlatforms) = postSolution
		{707ADEDD-FFDA-4B5C-A686-5927A62631C3}.Debug|Any CPU.ActiveCfg = Debug|Any CPU
		{707ADEDD-FFDA-4B5C-A686-5927A62631C3}.Debug|Any CPU.Build.0 = Debug|Any CPU
		{707ADEDD-FFDA-4B5C-A686-5927A62631C3}.Release|Any CPU.ActiveCfg = Release|Any CPU
		{707ADEDD-FFDA-4B5C-A686-5927A62631C3}.Release|Any CPU.Build.0 = Release|Any CPU
		{E8319E00-E2FE-488D-89FA-36301DA69BA0}.Debug|Any CPU.ActiveCfg = Debug|Any CPU
		{E8319E00-E2FE-488D-89FA-36301DA69BA0}.Debug|Any CPU.Build.0 = Debug|Any CPU
		{E8319E00-E2FE-488D-89FA-36301DA69BA0}.Release|Any CPU.ActiveCfg = Release|Any CPU
		{E8319E00-E2FE-488D-89FA-36301DA69BA0}.Release|Any CPU.Build.0 = Release|Any CPU
	EndGlobalSection
	GlobalSection(SolutionProperties) = preSolution
		HideSolutionNode = FALSE
	EndGlobalSection
	GlobalSection(ExtensibilityGlobals) = postSolution
		SolutionGuid = {BC9BE3D2-8017-4A42-8184-E1F71EEF3E2A}
	EndGlobalSection
EndGlobal
